// !$*UTF8*$!
{
	archiveVersion = 1;
	classes = {
	};
	objectVersion = 55;
	objects = {

/* Begin PBXBuildFile section */
		1B02154D275E17A0009DCDCA /* GeocachingApp.swift in Sources */ = {isa = PBXBuildFile; fileRef = 1B02154C275E17A0009DCDCA /* GeocachingApp.swift */; };
		1B02154F275E17A0009DCDCA /* ContentView.swift in Sources */ = {isa = PBXBuildFile; fileRef = 1B02154E275E17A0009DCDCA /* ContentView.swift */; };
		1B021551275E17A2009DCDCA /* Assets.xcassets in Resources */ = {isa = PBXBuildFile; fileRef = 1B021550275E17A2009DCDCA /* Assets.xcassets */; };
		1B021554275E17A2009DCDCA /* Preview Assets.xcassets in Resources */ = {isa = PBXBuildFile; fileRef = 1B021553275E17A2009DCDCA /* Preview Assets.xcassets */; };
		1B196D642768B33B0012638A /* Attributes.swift in Sources */ = {isa = PBXBuildFile; fileRef = 1B196D632768B33B0012638A /* Attributes.swift */; };
		1B1E33B2275F7278004DC827 /* ContetViewModel.swift in Sources */ = {isa = PBXBuildFile; fileRef = 1B1E33B1275F7278004DC827 /* ContetViewModel.swift */; };
		1B1F49552769F4CC00566BD7 /* FeedbackAlertView.swift in Sources */ = {isa = PBXBuildFile; fileRef = 1B1F49542769F4CC00566BD7 /* FeedbackAlertView.swift */; };
		1B72EE8E27688C4E00638EFC /* PhotoBox.swift in Sources */ = {isa = PBXBuildFile; fileRef = 1B72EE8D27688C4E00638EFC /* PhotoBox.swift */; };
		1B72EE902768A13400638EFC /* FoundItButton.swift in Sources */ = {isa = PBXBuildFile; fileRef = 1B72EE8F2768A13400638EFC /* FoundItButton.swift */; };
		1B7B6BA12764C331003349A8 /* cache.swift in Sources */ = {isa = PBXBuildFile; fileRef = 1B7B6BA02764C330003349A8 /* cache.swift */; };
		1B7B6BA32764F4EA003349A8 /* CacheView.swift in Sources */ = {isa = PBXBuildFile; fileRef = 1B7B6BA22764F4EA003349A8 /* CacheView.swift */; };
		1BAF32DB2767C9FE0008A3C3 /* ActBox.swift in Sources */ = {isa = PBXBuildFile; fileRef = 1BAF32DA2767C9FE0008A3C3 /* ActBox.swift */; };
		1BAF32DD2767D6870008A3C3 /* NavBar.swift in Sources */ = {isa = PBXBuildFile; fileRef = 1BAF32DC2767D6870008A3C3 /* NavBar.swift */; };
/* End PBXBuildFile section */

/* Begin PBXFileReference section */
		1B021549275E17A0009DCDCA /* Geocaching.app */ = {isa = PBXFileReference; explicitFileType = wrapper.application; includeInIndex = 0; path = Geocaching.app; sourceTree = BUILT_PRODUCTS_DIR; };
		1B02154C275E17A0009DCDCA /* GeocachingApp.swift */ = {isa = PBXFileReference; lastKnownFileType = sourcecode.swift; path = GeocachingApp.swift; sourceTree = "<group>"; };
		1B02154E275E17A0009DCDCA /* ContentView.swift */ = {isa = PBXFileReference; lastKnownFileType = sourcecode.swift; path = ContentView.swift; sourceTree = "<group>"; };
		1B021550275E17A2009DCDCA /* Assets.xcassets */ = {isa = PBXFileReference; lastKnownFileType = folder.assetcatalog; path = Assets.xcassets; sourceTree = "<group>"; };
		1B021553275E17A2009DCDCA /* Preview Assets.xcassets */ = {isa = PBXFileReference; lastKnownFileType = folder.assetcatalog; path = "Preview Assets.xcassets"; sourceTree = "<group>"; };
		1B196D632768B33B0012638A /* Attributes.swift */ = {isa = PBXFileReference; lastKnownFileType = sourcecode.swift; path = Attributes.swift; sourceTree = "<group>"; };
		1B1E33B1275F7278004DC827 /* ContetViewModel.swift */ = {isa = PBXFileReference; lastKnownFileType = sourcecode.swift; path = ContetViewModel.swift; sourceTree = "<group>"; };
		1B1F49542769F4CC00566BD7 /* FeedbackAlertView.swift */ = {isa = PBXFileReference; lastKnownFileType = sourcecode.swift; path = FeedbackAlertView.swift; sourceTree = "<group>"; };
		1B72EE8D27688C4E00638EFC /* PhotoBox.swift */ = {isa = PBXFileReference; lastKnownFileType = sourcecode.swift; path = PhotoBox.swift; sourceTree = "<group>"; };
		1B72EE8F2768A13400638EFC /* FoundItButton.swift */ = {isa = PBXFileReference; lastKnownFileType = sourcecode.swift; path = FoundItButton.swift; sourceTree = "<group>"; };
		1B7B6BA02764C330003349A8 /* cache.swift */ = {isa = PBXFileReference; lastKnownFileType = sourcecode.swift; path = cache.swift; sourceTree = "<group>"; };
		1B7B6BA22764F4EA003349A8 /* CacheView.swift */ = {isa = PBXFileReference; lastKnownFileType = sourcecode.swift; path = CacheView.swift; sourceTree = "<group>"; };
		1BAF32DA2767C9FE0008A3C3 /* ActBox.swift */ = {isa = PBXFileReference; lastKnownFileType = sourcecode.swift; path = ActBox.swift; sourceTree = "<group>"; };
		1BAF32DC2767D6870008A3C3 /* NavBar.swift */ = {isa = PBXFileReference; lastKnownFileType = sourcecode.swift; path = NavBar.swift; sourceTree = "<group>"; };
/* End PBXFileReference section */

/* Begin PBXFrameworksBuildPhase section */
		1B021546275E17A0009DCDCA /* Frameworks */ = {
			isa = PBXFrameworksBuildPhase;
			buildActionMask = 2147483647;
			files = (
			);
			runOnlyForDeploymentPostprocessing = 0;
		};
/* End PBXFrameworksBuildPhase section */

/* Begin PBXGroup section */
		1B021540275E17A0009DCDCA = {
			isa = PBXGroup;
			children = (
				1B02154B275E17A0009DCDCA /* Geocaching */,
				1B02154A275E17A0009DCDCA /* Products */,
			);
			sourceTree = "<group>";
		};
		1B02154A275E17A0009DCDCA /* Products */ = {
			isa = PBXGroup;
			children = (
				1B021549275E17A0009DCDCA /* Geocaching.app */,
			);
			name = Products;
			sourceTree = "<group>";
		};
		1B02154B275E17A0009DCDCA /* Geocaching */ = {
			isa = PBXGroup;
			children = (
				1B02154C275E17A0009DCDCA /* GeocachingApp.swift */,
				1B02154E275E17A0009DCDCA /* ContentView.swift */,
				1B7B6BA22764F4EA003349A8 /* CacheView.swift */,
				1B021550275E17A2009DCDCA /* Assets.xcassets */,
				1B021552275E17A2009DCDCA /* Preview Content */,
				1BAF32DA2767C9FE0008A3C3 /* ActBox.swift */,
				1BAF32DC2767D6870008A3C3 /* NavBar.swift */,
				1B72EE8D27688C4E00638EFC /* PhotoBox.swift */,
				1B72EE8F2768A13400638EFC /* FoundItButton.swift */,
				1B1F49542769F4CC00566BD7 /* FeedbackAlertView.swift */,
			);
			path = Geocaching;
			sourceTree = "<group>";
		};
		1B021552275E17A2009DCDCA /* Preview Content */ = {
			isa = PBXGroup;
			children = (
				1B021553275E17A2009DCDCA /* Preview Assets.xcassets */,
				1B7B6BA02764C330003349A8 /* cache.swift */,
				1B1E33B1275F7278004DC827 /* ContetViewModel.swift */,
				1B196D632768B33B0012638A /* Attributes.swift */,
			);
			path = "Preview Content";
			sourceTree = "<group>";
		};
/* End PBXGroup section */

/* Begin PBXNativeTarget section */
		1B021548275E17A0009DCDCA /* Geocaching */ = {
			isa = PBXNativeTarget;
			buildConfigurationList = 1B021557275E17A2009DCDCA /* Build configuration list for PBXNativeTarget "Geocaching" */;
			buildPhases = (
				1B021545275E17A0009DCDCA /* Sources */,
				1B021546275E17A0009DCDCA /* Frameworks */,
				1B021547275E17A0009DCDCA /* Resources */,
			);
			buildRules = (
			);
			dependencies = (
			);
			name = Geocaching;
			productName = Geocaching;
			productReference = 1B021549275E17A0009DCDCA /* Geocaching.app */;
			productType = "com.apple.product-type.application";
		};
/* End PBXNativeTarget section */

/* Begin PBXProject section */
		1B021541275E17A0009DCDCA /* Project object */ = {
			isa = PBXProject;
			attributes = {
				BuildIndependentTargetsInParallel = 1;
				LastSwiftUpdateCheck = 1310;
				LastUpgradeCheck = 1310;
				TargetAttributes = {
					1B021548275E17A0009DCDCA = {
						CreatedOnToolsVersion = 13.1;
					};
				};
			};
			buildConfigurationList = 1B021544275E17A0009DCDCA /* Build configuration list for PBXProject "Geocaching" */;
			compatibilityVersion = "Xcode 13.0";
			developmentRegion = en;
			hasScannedForEncodings = 0;
			knownRegions = (
				en,
				Base,
			);
			mainGroup = 1B021540275E17A0009DCDCA;
			productRefGroup = 1B02154A275E17A0009DCDCA /* Products */;
			projectDirPath = "";
			projectRoot = "";
			targets = (
				1B021548275E17A0009DCDCA /* Geocaching */,
			);
		};
/* End PBXProject section */

/* Begin PBXResourcesBuildPhase section */
		1B021547275E17A0009DCDCA /* Resources */ = {
			isa = PBXResourcesBuildPhase;
			buildActionMask = 2147483647;
			files = (
				1B021554275E17A2009DCDCA /* Preview Assets.xcassets in Resources */,
				1B021551275E17A2009DCDCA /* Assets.xcassets in Resources */,
			);
			runOnlyForDeploymentPostprocessing = 0;
		};
/* End PBXResourcesBuildPhase section */

/* Begin PBXSourcesBuildPhase section */
		1B021545275E17A0009DCDCA /* Sources */ = {
			isa = PBXSourcesBuildPhase;
			buildActionMask = 2147483647;
			files = (
				1B7B6BA32764F4EA003349A8 /* CacheView.swift in Sources */,
				1B02154F275E17A0009DCDCA /* ContentView.swift in Sources */,
				1B7B6BA12764C331003349A8 /* cache.swift in Sources */,
				1B02154D275E17A0009DCDCA /* GeocachingApp.swift in Sources */,
				1B72EE8E27688C4E00638EFC /* PhotoBox.swift in Sources */,
				1BAF32DD2767D6870008A3C3 /* NavBar.swift in Sources */,
				1BAF32DB2767C9FE0008A3C3 /* ActBox.swift in Sources */,
				1B1E33B2275F7278004DC827 /* ContetViewModel.swift in Sources */,
				1B196D642768B33B0012638A /* Attributes.swift in Sources */,
				1B1F49552769F4CC00566BD7 /* FeedbackAlertView.swift in Sources */,
				1B72EE902768A13400638EFC /* FoundItButton.swift in Sources */,
			);
			runOnlyForDeploymentPostprocessing = 0;
		};
/* End PBXSourcesBuildPhase section */

/* Begin XCBuildConfiguration section */
		1B021555275E17A2009DCDCA /* Debug */ = {
			isa = XCBuildConfiguration;
			buildSettings = {
				ALWAYS_SEARCH_USER_PATHS = NO;
				CLANG_ANALYZER_NONNULL = YES;
				CLANG_ANALYZER_NUMBER_OBJECT_CONVERSION = YES_AGGRESSIVE;
				CLANG_CXX_LANGUAGE_STANDARD = "gnu++17";
				CLANG_CXX_LIBRARY = "libc++";
				CLANG_ENABLE_MODULES = YES;
				CLANG_ENABLE_OBJC_ARC = YES;
				CLANG_ENABLE_OBJC_WEAK = YES;
				CLANG_WARN_BLOCK_CAPTURE_AUTORELEASING = YES;
				CLANG_WARN_BOOL_CONVERSION = YES;
				CLANG_WARN_COMMA = YES;
				CLANG_WARN_CONSTANT_CONVERSION = YES;
				CLANG_WARN_DEPRECATED_OBJC_IMPLEMENTATIONS = YES;
				CLANG_WARN_DIRECT_OBJC_ISA_USAGE = YES_ERROR;
				CLANG_WARN_DOCUMENTATION_COMMENTS = YES;
				CLANG_WARN_EMPTY_BODY = YES;
				CLANG_WARN_ENUM_CONVERSION = YES;
				CLANG_WARN_INFINITE_RECURSION = YES;
				CLANG_WARN_INT_CONVERSION = YES;
				CLANG_WARN_NON_LITERAL_NULL_CONVERSION = YES;
				CLANG_WARN_OBJC_IMPLICIT_RETAIN_SELF = YES;
				CLANG_WARN_OBJC_LITERAL_CONVERSION = YES;
				CLANG_WARN_OBJC_ROOT_CLASS = YES_ERROR;
				CLANG_WARN_QUOTED_INCLUDE_IN_FRAMEWORK_HEADER = YES;
				CLANG_WARN_RANGE_LOOP_ANALYSIS = YES;
				CLANG_WARN_STRICT_PROTOTYPES = YES;
				CLANG_WARN_SUSPICIOUS_MOVE = YES;
				CLANG_WARN_UNGUARDED_AVAILABILITY = YES_AGGRESSIVE;
				CLANG_WARN_UNREACHABLE_CODE = YES;
				CLANG_WARN__DUPLICATE_METHOD_MATCH = YES;
				COPY_PHASE_STRIP = NO;
				DEBUG_INFORMATION_FORMAT = dwarf;
				ENABLE_STRICT_OBJC_MSGSEND = YES;
				ENABLE_TESTABILITY = YES;
				GCC_C_LANGUAGE_STANDARD = gnu11;
				GCC_DYNAMIC_NO_PIC = NO;
				GCC_NO_COMMON_BLOCKS = YES;
				GCC_OPTIMIZATION_LEVEL = 0;
				GCC_PREPROCESSOR_DEFINITIONS = (
					"DEBUG=1",
					"$(inherited)",
				);
				GCC_WARN_64_TO_32_BIT_CONVERSION = YES;
				GCC_WARN_ABOUT_RETURN_TYPE = YES_ERROR;
				GCC_WARN_UNDECLARED_SELECTOR = YES;
				GCC_WARN_UNINITIALIZED_AUTOS = YES_AGGRESSIVE;
				GCC_WARN_UNUSED_FUNCTION = YES;
				GCC_WARN_UNUSED_VARIABLE = YES;
				IPHONEOS_DEPLOYMENT_TARGET = 15.0;
				MTL_ENABLE_DEBUG_INFO = INCLUDE_SOURCE;
				MTL_FAST_MATH = YES;
				ONLY_ACTIVE_ARCH = YES;
				SDKROOT = iphoneos;
				SWIFT_ACTIVE_COMPILATION_CONDITIONS = DEBUG;
				SWIFT_OPTIMIZATION_LEVEL = "-Onone";
			};
			name = Debug;
		};
		1B021556275E17A2009DCDCA /* Release */ = {
			isa = XCBuildConfiguration;
			buildSettings = {
				ALWAYS_SEARCH_USER_PATHS = NO;
				CLANG_ANALYZER_NONNULL = YES;
				CLANG_ANALYZER_NUMBER_OBJECT_CONVERSION = YES_AGGRESSIVE;
				CLANG_CXX_LANGUAGE_STANDARD = "gnu++17";
				CLANG_CXX_LIBRARY = "libc++";
				CLANG_ENABLE_MODULES = YES;
				CLANG_ENABLE_OBJC_ARC = YES;
				CLANG_ENABLE_OBJC_WEAK = YES;
				CLANG_WARN_BLOCK_CAPTURE_AUTORELEASING = YES;
				CLANG_WARN_BOOL_CONVERSION = YES;
				CLANG_WARN_COMMA = YES;
				CLANG_WARN_CONSTANT_CONVERSION = YES;
				CLANG_WARN_DEPRECATED_OBJC_IMPLEMENTATIONS = YES;
				CLANG_WARN_DIRECT_OBJC_ISA_USAGE = YES_ERROR;
				CLANG_WARN_DOCUMENTATION_COMMENTS = YES;
				CLANG_WARN_EMPTY_BODY = YES;
				CLANG_WARN_ENUM_CONVERSION = YES;
				CLANG_WARN_INFINITE_RECURSION = YES;
				CLANG_WARN_INT_CONVERSION = YES;
				CLANG_WARN_NON_LITERAL_NULL_CONVERSION = YES;
				CLANG_WARN_OBJC_IMPLICIT_RETAIN_SELF = YES;
				CLANG_WARN_OBJC_LITERAL_CONVERSION = YES;
				CLANG_WARN_OBJC_ROOT_CLASS = YES_ERROR;
				CLANG_WARN_QUOTED_INCLUDE_IN_FRAMEWORK_HEADER = YES;
				CLANG_WARN_RANGE_LOOP_ANALYSIS = YES;
				CLANG_WARN_STRICT_PROTOTYPES = YES;
				CLANG_WARN_SUSPICIOUS_MOVE = YES;
				CLANG_WARN_UNGUARDED_AVAILABILITY = YES_AGGRESSIVE;
				CLANG_WARN_UNREACHABLE_CODE = YES;
				CLANG_WARN__DUPLICATE_METHOD_MATCH = YES;
				COPY_PHASE_STRIP = NO;
				DEBUG_INFORMATION_FORMAT = "dwarf-with-dsym";
				ENABLE_NS_ASSERTIONS = NO;
				ENABLE_STRICT_OBJC_MSGSEND = YES;
				GCC_C_LANGUAGE_STANDARD = gnu11;
				GCC_NO_COMMON_BLOCKS = YES;
				GCC_WARN_64_TO_32_BIT_CONVERSION = YES;
				GCC_WARN_ABOUT_RETURN_TYPE = YES_ERROR;
				GCC_WARN_UNDECLARED_SELECTOR = YES;
				GCC_WARN_UNINITIALIZED_AUTOS = YES_AGGRESSIVE;
				GCC_WARN_UNUSED_FUNCTION = YES;
				GCC_WARN_UNUSED_VARIABLE = YES;
				IPHONEOS_DEPLOYMENT_TARGET = 15.0;
				MTL_ENABLE_DEBUG_INFO = NO;
				MTL_FAST_MATH = YES;
				SDKROOT = iphoneos;
				SWIFT_COMPILATION_MODE = wholemodule;
				SWIFT_OPTIMIZATION_LEVEL = "-O";
				VALIDATE_PRODUCT = YES;
			};
			name = Release;
		};
		1B021558275E17A2009DCDCA /* Debug */ = {
			isa = XCBuildConfiguration;
			buildSettings = {
				ASSETCATALOG_COMPILER_APPICON_NAME = AppIcon;
				ASSETCATALOG_COMPILER_GLOBAL_ACCENT_COLOR_NAME = AccentColor;
				CODE_SIGN_STYLE = Automatic;
				CURRENT_PROJECT_VERSION = 1;
				DEVELOPMENT_ASSET_PATHS = "\"Geocaching/Preview Content\"";
				DEVELOPMENT_TEAM = LBW3PX3M44;
				ENABLE_PREVIEWS = YES;
				GENERATE_INFOPLIST_FILE = YES;
				INFOPLIST_KEY_NSLocationWhenInUseUsageDescription = "This app needs your location to show it on the map!";
				INFOPLIST_KEY_UIApplicationSceneManifest_Generation = YES;
				INFOPLIST_KEY_UIApplicationSupportsIndirectInputEvents = YES;
				INFOPLIST_KEY_UILaunchScreen_Generation = YES;
				INFOPLIST_KEY_UISupportedInterfaceOrientations_iPad = "UIInterfaceOrientationPortrait UIInterfaceOrientationPortraitUpsideDown UIInterfaceOrientationLandscapeLeft UIInterfaceOrientationLandscapeRight";
				INFOPLIST_KEY_UISupportedInterfaceOrientations_iPhone = "UIInterfaceOrientationPortrait UIInterfaceOrientationLandscapeLeft UIInterfaceOrientationLandscapeRight";
				LD_RUNPATH_SEARCH_PATHS = (
					"$(inherited)",
					"@executable_path/Frameworks",
				);
				MARKETING_VERSION = 1.0;
				PRODUCT_BUNDLE_IDENTIFIER = fabio.Geocaching;
				PRODUCT_NAME = "$(TARGET_NAME)";
				SWIFT_EMIT_LOC_STRINGS = YES;
				SWIFT_VERSION = 5.0;
				TARGETED_DEVICE_FAMILY = "1,2";
			};
			name = Debug;
		};
		1B021559275E17A2009DCDCA /* Release */ = {
			isa = XCBuildConfiguration;
			buildSettings = {
				ASSETCATALOG_COMPILER_APPICON_NAME = AppIcon;
				ASSETCATALOG_COMPILER_GLOBAL_ACCENT_COLOR_NAME = AccentColor;
				CODE_SIGN_STYLE = Automatic;
				CURRENT_PROJECT_VERSION = 1;
				DEVELOPMENT_ASSET_PATHS = "\"Geocaching/Preview Content\"";
				DEVELOPMENT_TEAM = LBW3PX3M44;
				ENABLE_PREVIEWS = YES;
				GENERATE_INFOPLIST_FILE = YES;
				INFOPLIST_KEY_NSLocationWhenInUseUsageDescription = "This app needs your location to show it on the map!";
				INFOPLIST_KEY_UIApplicationSceneManifest_Generation = YES;
				INFOPLIST_KEY_UIApplicationSupportsIndirectInputEvents = YES;
				INFOPLIST_KEY_UILaunchScreen_Generation = YES;
				INFOPLIST_KEY_UISupportedInterfaceOrientations_iPad = "UIInterfaceOrientationPortrait UIInterfaceOrientationPortraitUpsideDown UIInterfaceOrientationLandscapeLeft UIInterfaceOrientationLandscapeRight";
				INFOPLIST_KEY_UISupportedInterfaceOrientations_iPhone = "UIInterfaceOrientationPortrait UIInterfaceOrientationLandscapeLeft UIInterfaceOrientationLandscapeRight";
				LD_RUNPATH_SEARCH_PATHS = (
					"$(inherited)",
					"@executable_path/Frameworks",
				);
				MARKETING_VERSION = 1.0;
				PRODUCT_BUNDLE_IDENTIFIER = fabio.Geocaching;
				PRODUCT_NAME = "$(TARGET_NAME)";
				SWIFT_EMIT_LOC_STRINGS = YES;
				SWIFT_VERSION = 5.0;
				TARGETED_DEVICE_FAMILY = "1,2";
			};
			name = Release;
		};
/* End XCBuildConfiguration section */

/* Begin XCConfigurationList section */
		1B021544275E17A0009DCDCA /* Build configuration list for PBXProject "Geocaching" */ = {
			isa = XCConfigurationList;
			buildConfigurations = (
				1B021555275E17A2009DCDCA /* Debug */,
				1B021556275E17A2009DCDCA /* Release */,
			);
			defaultConfigurationIsVisible = 0;
			defaultConfigurationName = Release;
		};
		1B021557275E17A2009DCDCA /* Build configuration list for PBXNativeTarget "Geocaching" */ = {
			isa = XCConfigurationList;
			buildConfigurations = (
				1B021558275E17A2009DCDCA /* Debug */,
				1B021559275E17A2009DCDCA /* Release */,
			);
			defaultConfigurationIsVisible = 0;
			defaultConfigurationName = Release;
		};
/* End XCConfigurationList section */
	};
	rootObject = 1B021541275E17A0009DCDCA /* Project object */;
}
